// !$*UTF8*$!
{
	archiveVersion = 1;
	classes = {
	};
	objectVersion = 50;
	objects = {

/* Begin PBXBuildFile section */
		143706D62632CE38000C9459 /* SignUpVC.swift in Sources */ = {isa = PBXBuildFile; fileRef = 143706D52632CE38000C9459 /* SignUpVC.swift */; };
		143706D92632CE6A000C9459 /* LogInVC.swift in Sources */ = {isa = PBXBuildFile; fileRef = 143706D82632CE6A000C9459 /* LogInVC.swift */; };
		143706DF26330500000C9459 /* CamViewVC.swift in Sources */ = {isa = PBXBuildFile; fileRef = 143706DE26330500000C9459 /* CamViewVC.swift */; };
		145BA174263800D100C1B1FB /* SaveVC.swift in Sources */ = {isa = PBXBuildFile; fileRef = 145BA173263800D100C1B1FB /* SaveVC.swift */; };
		145BA17726380C4000C1B1FB /* RNCryptor.swift in Sources */ = {isa = PBXBuildFile; fileRef = 145BA17626380C3F00C1B1FB /* RNCryptor.swift */; };
		148ACCB12631B152002E3931 /* AppDelegate.swift in Sources */ = {isa = PBXBuildFile; fileRef = 148ACCB02631B152002E3931 /* AppDelegate.swift */; };
		148ACCB32631B152002E3931 /* SceneDelegate.swift in Sources */ = {isa = PBXBuildFile; fileRef = 148ACCB22631B152002E3931 /* SceneDelegate.swift */; };
		148ACCB52631B152002E3931 /* MenuVC.swift in Sources */ = {isa = PBXBuildFile; fileRef = 148ACCB42631B152002E3931 /* MenuVC.swift */; };
		148ACCB82631B152002E3931 /* Main.storyboard in Resources */ = {isa = PBXBuildFile; fileRef = 148ACCB62631B152002E3931 /* Main.storyboard */; };
		148ACCBA2631B155002E3931 /* Assets.xcassets in Resources */ = {isa = PBXBuildFile; fileRef = 148ACCB92631B155002E3931 /* Assets.xcassets */; };
		148ACCBD2631B155002E3931 /* LaunchScreen.storyboard in Resources */ = {isa = PBXBuildFile; fileRef = 148ACCBB2631B155002E3931 /* LaunchScreen.storyboard */; };
/* End PBXBuildFile section */

/* Begin PBXFileReference section */
		143706D52632CE38000C9459 /* SignUpVC.swift */ = {isa = PBXFileReference; lastKnownFileType = sourcecode.swift; name = SignUpVC.swift; path = ../../../../../SignUpVC.swift; sourceTree = "<group>"; };
		143706D82632CE6A000C9459 /* LogInVC.swift */ = {isa = PBXFileReference; lastKnownFileType = sourcecode.swift; name = LogInVC.swift; path = ../../../../../LogInVC.swift; sourceTree = "<group>"; };
		143706DE26330500000C9459 /* CamViewVC.swift */ = {isa = PBXFileReference; lastKnownFileType = sourcecode.swift; path = CamViewVC.swift; sourceTree = "<group>"; };
		145BA173263800D100C1B1FB /* SaveVC.swift */ = {isa = PBXFileReference; lastKnownFileType = sourcecode.swift; path = SaveVC.swift; sourceTree = "<group>"; };
		145BA17626380C3F00C1B1FB /* RNCryptor.swift */ = {isa = PBXFileReference; fileEncoding = 4; lastKnownFileType = sourcecode.swift; path = RNCryptor.swift; sourceTree = "<group>"; };
		148ACCAD2631B152002E3931 /* Medical Motion Capture.app */ = {isa = PBXFileReference; explicitFileType = wrapper.application; includeInIndex = 0; path = "Medical Motion Capture.app"; sourceTree = BUILT_PRODUCTS_DIR; };
		148ACCB02631B152002E3931 /* AppDelegate.swift */ = {isa = PBXFileReference; lastKnownFileType = sourcecode.swift; path = AppDelegate.swift; sourceTree = "<group>"; };
		148ACCB22631B152002E3931 /* SceneDelegate.swift */ = {isa = PBXFileReference; lastKnownFileType = sourcecode.swift; path = SceneDelegate.swift; sourceTree = "<group>"; };
		148ACCB42631B152002E3931 /* MenuVC.swift */ = {isa = PBXFileReference; lastKnownFileType = sourcecode.swift; path = MenuVC.swift; sourceTree = "<group>"; };
		148ACCB72631B152002E3931 /* Base */ = {isa = PBXFileReference; lastKnownFileType = file.storyboard; name = Base; path = Base.lproj/Main.storyboard; sourceTree = "<group>"; };
		148ACCB92631B155002E3931 /* Assets.xcassets */ = {isa = PBXFileReference; lastKnownFileType = folder.assetcatalog; path = Assets.xcassets; sourceTree = "<group>"; };
		148ACCBC2631B155002E3931 /* Base */ = {isa = PBXFileReference; lastKnownFileType = file.storyboard; name = Base; path = Base.lproj/LaunchScreen.storyboard; sourceTree = "<group>"; };
		148ACCBE2631B155002E3931 /* Info.plist */ = {isa = PBXFileReference; lastKnownFileType = text.plist.xml; path = Info.plist; sourceTree = "<group>"; };
/* End PBXFileReference section */

/* Begin PBXFrameworksBuildPhase section */
		148ACCAA2631B152002E3931 /* Frameworks */ = {
			isa = PBXFrameworksBuildPhase;
			buildActionMask = 2147483647;
			files = (
			);
			runOnlyForDeploymentPostprocessing = 0;
		};
/* End PBXFrameworksBuildPhase section */

/* Begin PBXGroup section */
		148ACCA42631B152002E3931 = {
			isa = PBXGroup;
			children = (
				148ACCAF2631B152002E3931 /* Medical Motion Capture */,
				148ACCAE2631B152002E3931 /* Products */,
			);
			sourceTree = "<group>";
		};
		148ACCAE2631B152002E3931 /* Products */ = {
			isa = PBXGroup;
			children = (
				148ACCAD2631B152002E3931 /* Medical Motion Capture.app */,
			);
			name = Products;
			sourceTree = "<group>";
		};
		148ACCAF2631B152002E3931 /* Medical Motion Capture */ = {
			isa = PBXGroup;
			children = (
				148ACCBE2631B155002E3931 /* Info.plist */,
				148ACCB02631B152002E3931 /* AppDelegate.swift */,
				148ACCB22631B152002E3931 /* SceneDelegate.swift */,
				145BA17626380C3F00C1B1FB /* RNCryptor.swift */,
				148ACCB92631B155002E3931 /* Assets.xcassets */,
				148ACCB62631B152002E3931 /* Main.storyboard */,
				148ACCBB2631B155002E3931 /* LaunchScreen.storyboard */,
				148ACCB42631B152002E3931 /* MenuVC.swift */,
				143706D52632CE38000C9459 /* SignUpVC.swift */,
				143706D82632CE6A000C9459 /* LogInVC.swift */,
				143706DE26330500000C9459 /* CamViewVC.swift */,
				145BA173263800D100C1B1FB /* SaveVC.swift */,
			);
			path = "Medical Motion Capture";
			sourceTree = "<group>";
		};
/* End PBXGroup section */

/* Begin PBXNativeTarget section */
		148ACCAC2631B152002E3931 /* Medical Motion Capture */ = {
			isa = PBXNativeTarget;
			buildConfigurationList = 148ACCC12631B155002E3931 /* Build configuration list for PBXNativeTarget "Medical Motion Capture" */;
			buildPhases = (
				148ACCA92631B152002E3931 /* Sources */,
				148ACCAA2631B152002E3931 /* Frameworks */,
				148ACCAB2631B152002E3931 /* Resources */,
			);
			buildRules = (
			);
			dependencies = (
			);
			name = "Medical Motion Capture";
			productName = "Medical Motion Capture";
			productReference = 148ACCAD2631B152002E3931 /* Medical Motion Capture.app */;
			productType = "com.apple.product-type.application";
		};
/* End PBXNativeTarget section */

/* Begin PBXProject section */
		148ACCA52631B152002E3931 /* Project object */ = {
			isa = PBXProject;
			attributes = {
				LastSwiftUpdateCheck = 1240;
				LastUpgradeCheck = 1240;
				TargetAttributes = {
					148ACCAC2631B152002E3931 = {
						CreatedOnToolsVersion = 12.4;
					};
				};
			};
			buildConfigurationList = 148ACCA82631B152002E3931 /* Build configuration list for PBXProject "Medical Motion Capture" */;
			compatibilityVersion = "Xcode 9.3";
			developmentRegion = en;
			hasScannedForEncodings = 0;
			knownRegions = (
				en,
				Base,
			);
			mainGroup = 148ACCA42631B152002E3931;
			productRefGroup = 148ACCAE2631B152002E3931 /* Products */;
			projectDirPath = "";
			projectRoot = "";
			targets = (
				148ACCAC2631B152002E3931 /* Medical Motion Capture */,
			);
		};
/* End PBXProject section */

/* Begin PBXResourcesBuildPhase section */
		148ACCAB2631B152002E3931 /* Resources */ = {
			isa = PBXResourcesBuildPhase;
			buildActionMask = 2147483647;
			files = (
				148ACCBD2631B155002E3931 /* LaunchScreen.storyboard in Resources */,
				148ACCBA2631B155002E3931 /* Assets.xcassets in Resources */,
				148ACCB82631B152002E3931 /* Main.storyboard in Resources */,
			);
			runOnlyForDeploymentPostprocessing = 0;
		};
/* End PBXResourcesBuildPhase section */

/* Begin PBXSourcesBuildPhase section */
		148ACCA92631B152002E3931 /* Sources */ = {
			isa = PBXSourcesBuildPhase;
			buildActionMask = 2147483647;
			files = (
				148ACCB52631B152002E3931 /* MenuVC.swift in Sources */,
				148ACCB12631B152002E3931 /* AppDelegate.swift in Sources */,
				148ACCB32631B152002E3931 /* SceneDelegate.swift in Sources */,
				143706DF26330500000C9459 /* CamViewVC.swift in Sources */,
				143706D92632CE6A000C9459 /* LogInVC.swift in Sources */,
				145BA17726380C4000C1B1FB /* RNCryptor.swift in Sources */,
				145BA174263800D100C1B1FB /* SaveVC.swift in Sources */,
				143706D62632CE38000C9459 /* SignUpVC.swift in Sources */,
			);
			runOnlyForDeploymentPostprocessing = 0;
		};
/* End PBXSourcesBuildPhase section */

/* Begin PBXVariantGroup section */
		148ACCB62631B152002E3931 /* Main.storyboard */ = {
			isa = PBXVariantGroup;
			children = (
				148ACCB72631B152002E3931 /* Base */,
			);
			name = Main.storyboard;
			sourceTree = "<group>";
		};
		148ACCBB2631B155002E3931 /* LaunchScreen.storyboard */ = {
			isa = PBXVariantGroup;
			children = (
				148ACCBC2631B155002E3931 /* Base */,
			);
			name = LaunchScreen.storyboard;
			sourceTree = "<group>";
		};
/* End PBXVariantGroup section */

/* Begin XCBuildConfiguration section */
		148ACCBF2631B155002E3931 /* Debug */ = {
			isa = XCBuildConfiguration;
			buildSettings = {
				ALWAYS_SEARCH_USER_PATHS = NO;
				CLANG_ANALYZER_NONNULL = YES;
				CLANG_ANALYZER_NUMBER_OBJECT_CONVERSION = YES_AGGRESSIVE;
				CLANG_CXX_LANGUAGE_STANDARD = "gnu++14";
				CLANG_CXX_LIBRARY = "libc++";
				CLANG_ENABLE_MODULES = YES;
				CLANG_ENABLE_OBJC_ARC = YES;
				CLANG_ENABLE_OBJC_WEAK = YES;
				CLANG_WARN_BLOCK_CAPTURE_AUTORELEASING = YES;
				CLANG_WARN_BOOL_CONVERSION = YES;
				CLANG_WARN_COMMA = YES;
				CLANG_WARN_CONSTANT_CONVERSION = YES;
				CLANG_WARN_DEPRECATED_OBJC_IMPLEMENTATIONS = YES;
				CLANG_WARN_DIRECT_OBJC_ISA_USAGE = YES_ERROR;
				CLANG_WARN_DOCUMENTATION_COMMENTS = YES;
				CLANG_WARN_EMPTY_BODY = YES;
				CLANG_WARN_ENUM_CONVERSION = YES;
				CLANG_WARN_INFINITE_RECURSION = YES;
				CLANG_WARN_INT_CONVERSION = YES;
				CLANG_WARN_NON_LITERAL_NULL_CONVERSION = YES;
				CLANG_WARN_OBJC_IMPLICIT_RETAIN_SELF = YES;
				CLANG_WARN_OBJC_LITERAL_CONVERSION = YES;
				CLANG_WARN_OBJC_ROOT_CLASS = YES_ERROR;
				CLANG_WARN_QUOTED_INCLUDE_IN_FRAMEWORK_HEADER = YES;
				CLANG_WARN_RANGE_LOOP_ANALYSIS = YES;
				CLANG_WARN_STRICT_PROTOTYPES = YES;
				CLANG_WARN_SUSPICIOUS_MOVE = YES;
				CLANG_WARN_UNGUARDED_AVAILABILITY = YES_AGGRESSIVE;
				CLANG_WARN_UNREACHABLE_CODE = YES;
				CLANG_WARN__DUPLICATE_METHOD_MATCH = YES;
				COPY_PHASE_STRIP = NO;
				DEBUG_INFORMATION_FORMAT = dwarf;
				ENABLE_STRICT_OBJC_MSGSEND = YES;
				ENABLE_TESTABILITY = YES;
				GCC_C_LANGUAGE_STANDARD = gnu11;
				GCC_DYNAMIC_NO_PIC = NO;
				GCC_NO_COMMON_BLOCKS = YES;
				GCC_OPTIMIZATION_LEVEL = 0;
				GCC_PREPROCESSOR_DEFINITIONS = (
					"DEBUG=1",
					"$(inherited)",
				);
				GCC_WARN_64_TO_32_BIT_CONVERSION = YES;
				GCC_WARN_ABOUT_RETURN_TYPE = YES_ERROR;
				GCC_WARN_UNDECLARED_SELECTOR = YES;
				GCC_WARN_UNINITIALIZED_AUTOS = YES_AGGRESSIVE;
				GCC_WARN_UNUSED_FUNCTION = YES;
				GCC_WARN_UNUSED_VARIABLE = YES;
				IPHONEOS_DEPLOYMENT_TARGET = 14.4;
				MTL_ENABLE_DEBUG_INFO = INCLUDE_SOURCE;
				MTL_FAST_MATH = YES;
				ONLY_ACTIVE_ARCH = YES;
				SDKROOT = iphoneos;
				SWIFT_ACTIVE_COMPILATION_CONDITIONS = DEBUG;
				SWIFT_OPTIMIZATION_LEVEL = "-Onone";
			};
			name = Debug;
		};
		148ACCC02631B155002E3931 /* Release */ = {
			isa = XCBuildConfiguration;
			buildSettings = {
				ALWAYS_SEARCH_USER_PATHS = NO;
				CLANG_ANALYZER_NONNULL = YES;
				CLANG_ANALYZER_NUMBER_OBJECT_CONVERSION = YES_AGGRESSIVE;
				CLANG_CXX_LANGUAGE_STANDARD = "gnu++14";
				CLANG_CXX_LIBRARY = "libc++";
				CLANG_ENABLE_MODULES = YES;
				CLANG_ENABLE_OBJC_ARC = YES;
				CLANG_ENABLE_OBJC_WEAK = YES;
				CLANG_WARN_BLOCK_CAPTURE_AUTORELEASING = YES;
				CLANG_WARN_BOOL_CONVERSION = YES;
				CLANG_WARN_COMMA = YES;
				CLANG_WARN_CONSTANT_CONVERSION = YES;
				CLANG_WARN_DEPRECATED_OBJC_IMPLEMENTATIONS = YES;
				CLANG_WARN_DIRECT_OBJC_ISA_USAGE = YES_ERROR;
				CLANG_WARN_DOCUMENTATION_COMMENTS = YES;
				CLANG_WARN_EMPTY_BODY = YES;
				CLANG_WARN_ENUM_CONVERSION = YES;
				CLANG_WARN_INFINITE_RECURSION = YES;
				CLANG_WARN_INT_CONVERSION = YES;
				CLANG_WARN_NON_LITERAL_NULL_CONVERSION = YES;
				CLANG_WARN_OBJC_IMPLICIT_RETAIN_SELF = YES;
				CLANG_WARN_OBJC_LITERAL_CONVERSION = YES;
				CLANG_WARN_OBJC_ROOT_CLASS = YES_ERROR;
				CLANG_WARN_QUOTED_INCLUDE_IN_FRAMEWORK_HEADER = YES;
				CLANG_WARN_RANGE_LOOP_ANALYSIS = YES;
				CLANG_WARN_STRICT_PROTOTYPES = YES;
				CLANG_WARN_SUSPICIOUS_MOVE = YES;
				CLANG_WARN_UNGUARDED_AVAILABILITY = YES_AGGRESSIVE;
				CLANG_WARN_UNREACHABLE_CODE = YES;
				CLANG_WARN__DUPLICATE_METHOD_MATCH = YES;
				COPY_PHASE_STRIP = NO;
				DEBUG_INFORMATION_FORMAT = "dwarf-with-dsym";
				ENABLE_NS_ASSERTIONS = NO;
				ENABLE_STRICT_OBJC_MSGSEND = YES;
				GCC_C_LANGUAGE_STANDARD = gnu11;
				GCC_NO_COMMON_BLOCKS = YES;
				GCC_WARN_64_TO_32_BIT_CONVERSION = YES;
				GCC_WARN_ABOUT_RETURN_TYPE = YES_ERROR;
				GCC_WARN_UNDECLARED_SELECTOR = YES;
				GCC_WARN_UNINITIALIZED_AUTOS = YES_AGGRESSIVE;
				GCC_WARN_UNUSED_FUNCTION = YES;
				GCC_WARN_UNUSED_VARIABLE = YES;
				IPHONEOS_DEPLOYMENT_TARGET = 14.4;
				MTL_ENABLE_DEBUG_INFO = NO;
				MTL_FAST_MATH = YES;
				SDKROOT = iphoneos;
				SWIFT_COMPILATION_MODE = wholemodule;
				SWIFT_OPTIMIZATION_LEVEL = "-O";
				VALIDATE_PRODUCT = YES;
			};
			name = Release;
		};
		148ACCC22631B155002E3931 /* Debug */ = {
			isa = XCBuildConfiguration;
			buildSettings = {
				ASSETCATALOG_COMPILER_APPICON_NAME = AppIcon;
				ASSETCATALOG_COMPILER_GLOBAL_ACCENT_COLOR_NAME = AccentColor;
				CODE_SIGN_STYLE = Automatic;
				INFOPLIST_FILE = "Medical Motion Capture/Info.plist";
				LD_RUNPATH_SEARCH_PATHS = (
					"$(inherited)",
					"@executable_path/Frameworks",
				);
				PRODUCT_BUNDLE_IDENTIFIER = "com.lml.Medical-Motion-Capture";
				PRODUCT_NAME = "$(TARGET_NAME)";
				SWIFT_VERSION = 5.0;
				TARGETED_DEVICE_FAMILY = "1,2";
			};
			name = Debug;
		};
		148ACCC32631B155002E3931 /* Release */ = {
			isa = XCBuildConfiguration;
			buildSettings = {
				ASSETCATALOG_COMPILER_APPICON_NAME = AppIcon;
				ASSETCATALOG_COMPILER_GLOBAL_ACCENT_COLOR_NAME = AccentColor;
				CODE_SIGN_STYLE = Automatic;
				INFOPLIST_FILE = "Medical Motion Capture/Info.plist";
				LD_RUNPATH_SEARCH_PATHS = (
					"$(inherited)",
					"@executable_path/Frameworks",
				);
				PRODUCT_BUNDLE_IDENTIFIER = "com.lml.Medical-Motion-Capture";
				PRODUCT_NAME = "$(TARGET_NAME)";
				SWIFT_VERSION = 5.0;
				TARGETED_DEVICE_FAMILY = "1,2";
			};
			name = Release;
		};
/* End XCBuildConfiguration section */

/* Begin XCConfigurationList section */
		148ACCA82631B152002E3931 /* Build configuration list for PBXProject "Medical Motion Capture" */ = {
			isa = XCConfigurationList;
			buildConfigurations = (
				148ACCBF2631B155002E3931 /* Debug */,
				148ACCC02631B155002E3931 /* Release */,
			);
			defaultConfigurationIsVisible = 0;
			defaultConfigurationName = Release;
		};
		148ACCC12631B155002E3931 /* Build configuration list for PBXNativeTarget "Medical Motion Capture" */ = {
			isa = XCConfigurationList;
			buildConfigurations = (
				148ACCC22631B155002E3931 /* Debug */,
				148ACCC32631B155002E3931 /* Release */,
			);
			defaultConfigurationIsVisible = 0;
			defaultConfigurationName = Release;
		};
/* End XCConfigurationList section */
	};
	rootObject = 148ACCA52631B152002E3931 /* Project object */;
}
